{
  "name": "@ngageoint/mage.web-devkit",
  "version": "6.3.0-beta.3",
  "lockfileVersion": 3,
  "requires": true,
  "packages": {
    "": {
      "name": "@ngageoint/mage.web-devkit",
      "version": "6.3.0-beta.3",
      "license": "MIT",
      "devDependencies": {
        "@angular-devkit/architect": "../node_modules/@angular-devkit/architect",
        "@angular-devkit/build-angular": "../node_modules/@angular-devkit",
        "@angular-devkit/core": "../node_modules/@angular-devkit/core",
        "@angular-devkit/schematics": "../node_modules/@angular-devkit/schematics",
        "@rollup/plugin-node-resolve": "../node_modules/@rollup/plugin-node-resolve",
        "@schematics/angular": "../node_modules/@schematics/angular",
        "husky": "^7.0.4",
        "ng-packagr": "../node_modules/ng-packagr",
        "rxjs": "../node_modules/rxjs"
      },
      "peerDependencies": {
        "@angular-devkit/architect": ">= 0.1400.0, < 0.1500.0",
        "@angular-devkit/build-angular": "^14.2.0",
        "@angular-devkit/core": "^14.2.0",
        "@angular-devkit/schematics": "^14.2.0",
        "@rollup/plugin-commonjs": "^25.0.7",
        "@rollup/plugin-node-resolve": "^15.2.3",
        "@schematics/angular": "^14.2.0",
        "ng-packagr": "^14.2.0",
        "rollup": "^2.78.0",
        "rxjs": "6.6.7"
      }
    },
    "../node_modules/@angular-devkit": {
      "dev": true
    },
    "../node_modules/@angular-devkit/architect": {
      "version": "0.1402.13",
      "dev": true,
      "license": "MIT",
      "dependencies": {
        "@angular-devkit/core": "14.2.13",
        "rxjs": "6.6.7"
      },
      "engines": {
        "node": "^14.15.0 || >=16.10.0",
        "npm": "^6.11.0 || ^7.5.6 || >=8.0.0",
        "yarn": ">= 1.13.0"
      }
    },
    "../node_modules/@angular-devkit/core": {
      "version": "14.2.13",
      "dev": true,
      "license": "MIT",
      "dependencies": {
        "ajv": "8.11.0",
        "ajv-formats": "2.1.1",
        "jsonc-parser": "3.1.0",
        "rxjs": "6.6.7",
        "source-map": "0.7.4"
      },
      "engines": {
        "node": "^14.15.0 || >=16.10.0",
        "npm": "^6.11.0 || ^7.5.6 || >=8.0.0",
        "yarn": ">= 1.13.0"
      },
      "peerDependencies": {
        "chokidar": "^3.5.2"
      },
      "peerDependenciesMeta": {
        "chokidar": {
          "optional": true
        }
      }
    },
    "../node_modules/@angular-devkit/schematics": {
      "version": "14.2.13",
      "dev": true,
      "license": "MIT",
      "dependencies": {
        "@angular-devkit/core": "14.2.13",
        "jsonc-parser": "3.1.0",
        "magic-string": "0.26.2",
        "ora": "5.4.1",
        "rxjs": "6.6.7"
      },
      "engines": {
        "node": "^14.15.0 || >=16.10.0",
        "npm": "^6.11.0 || ^7.5.6 || >=8.0.0",
        "yarn": ">= 1.13.0"
      }
    },
    "../node_modules/@rollup/plugin-node-resolve": {
      "version": "13.3.0",
      "dev": true,
      "license": "MIT",
      "dependencies": {
        "@rollup/pluginutils": "^3.1.0",
        "@types/resolve": "1.17.1",
        "deepmerge": "^4.2.2",
        "is-builtin-module": "^3.1.0",
        "is-module": "^1.0.0",
        "resolve": "^1.19.0"
      },
      "devDependencies": {
        "@babel/core": "^7.10.5",
        "@babel/plugin-transform-typescript": "^7.10.5",
        "@rollup/plugin-babel": "^5.1.0",
        "@rollup/plugin-commonjs": "^16.0.0",
        "@rollup/plugin-json": "^4.1.0",
        "es5-ext": "^0.10.53",
        "rollup": "^2.67.3",
        "source-map": "^0.7.3",
        "string-capitalize": "^1.0.1"
      },
      "engines": {
        "node": ">= 10.0.0"
      },
      "peerDependencies": {
        "rollup": "^2.42.0"
      }
    },
    "../node_modules/@schematics/angular": {
      "version": "14.2.13",
      "dev": true,
      "license": "MIT",
      "dependencies": {
        "@angular-devkit/core": "14.2.13",
        "@angular-devkit/schematics": "14.2.13",
        "jsonc-parser": "3.1.0"
      },
      "engines": {
        "node": "^14.15.0 || >=16.10.0",
        "npm": "^6.11.0 || ^7.5.6 || >=8.0.0",
        "yarn": ">= 1.13.0"
      }
    },
    "../node_modules/ng-packagr": {
      "version": "14.2.2",
      "dev": true,
      "license": "MIT",
      "dependencies": {
        "@rollup/plugin-json": "^4.1.0",
        "@rollup/plugin-node-resolve": "^13.1.3",
        "ajv": "^8.10.0",
        "ansi-colors": "^4.1.1",
        "browserslist": "^4.20.0",
        "cacache": "^16.0.0",
        "chokidar": "^3.5.3",
        "commander": "^9.0.0",
        "dependency-graph": "^0.11.0",
        "esbuild-wasm": "^0.15.0",
        "find-cache-dir": "^3.3.2",
        "glob": "^8.0.0",
        "injection-js": "^2.4.0",
        "jsonc-parser": "^3.0.0",
        "less": "^4.1.2",
        "ora": "^5.1.0",
        "postcss": "^8.4.8",
        "postcss-preset-env": "^7.4.2",
        "postcss-url": "^10.1.3",
        "rollup": "^2.70.0",
        "rollup-plugin-sourcemaps": "^0.6.3",
        "rxjs": "^7.5.5",
        "sass": "^1.49.9",
        "stylus": "^0.59.0"
      },
      "bin": {
        "ng-packagr": "cli/main.js"
      },
      "engines": {
        "node": "^14.15.0 || >=16.10.0"
      },
      "optionalDependencies": {
        "esbuild": "^0.15.0"
      },
      "peerDependencies": {
        "@angular/compiler-cli": "^14.0.0 || ^14.0.0-next || ^14.2.0-next",
        "tslib": "^2.3.0",
        "typescript": ">=4.6.2 <4.9"
      }
    },
    "../node_modules/rxjs": {
      "version": "7.6.0",
      "dev": true,
      "license": "Apache-2.0",
      "dependencies": {
        "tslib": "^2.1.0"
      },
      "devDependencies": {
        "@angular-devkit/build-optimizer": "0.4.6",
        "@angular-devkit/schematics": "^11.0.7",
        "@swc/core": "^1.2.128",
        "@swc/helpers": "^0.3.2",
        "@types/chai": "^4.2.11",
        "@types/lodash": "4.14.102",
        "@types/mocha": "^7.0.2",
        "@types/node": "^14.14.6",
        "@types/shelljs": "^0.8.8",
        "@types/sinon": "4.1.3",
        "@types/sinon-chai": "2.7.29",
        "@types/source-map": "^0.5.2",
        "@typescript-eslint/eslint-plugin": "^4.29.1",
        "@typescript-eslint/parser": "^4.29.1",
        "babel-polyfill": "6.26.0",
        "chai": "^4.2.0",
        "check-side-effects": "0.0.23",
        "color": "3.0.0",
        "colors": "1.1.2",
        "cross-env": "5.1.3",
        "cz-conventional-changelog": "1.2.0",
        "dependency-cruiser": "^9.12.0",
        "escape-string-regexp": "1.0.5",
        "eslint": "^7.8.1",
        "eslint-plugin-jasmine": "^2.10.1",
        "form-data": "^3.0.0",
        "fs-extra": "^8.1.0",
        "glob": "7.1.2",
        "google-closure-compiler-js": "20170218.0.0",
        "husky": "^4.2.5",
        "klaw-sync": "3.0.2",
        "lint-staged": "^10.2.11",
        "lodash": "^4.17.15",
        "minimist": "^1.2.5",
        "mocha": "^8.1.3",
        "nodemon": "^1.9.2",
        "npm-run-all": "4.1.2",
        "opn-cli": "3.1.0",
        "platform": "1.3.5",
        "prettier": "^2.5.1",
        "promise": "8.0.1",
        "rollup": "0.66.6",
        "rollup-plugin-alias": "1.4.0",
        "rollup-plugin-inject": "2.0.0",
        "rollup-plugin-node-resolve": "2.0.0",
        "shelljs": "^0.8.4",
        "shx": "^0.3.2",
        "sinon": "4.3.0",
        "sinon-chai": "2.14.0",
        "source-map-support": "0.5.3",
        "systemjs": "^0.21.0",
        "ts-api-guardian": "^0.5.0",
        "ts-node": "^9.1.1",
        "tslint": "^5.20.1",
        "tslint-config-prettier": "^1.18.0",
        "tslint-etc": "1.13.10",
        "tslint-no-toplevel-property-access": "0.0.2",
        "tslint-no-unused-expression-chai": "0.0.3",
        "typescript": "~4.2.0",
        "validate-commit-msg": "2.14.0",
        "web-streams-polyfill": "^3.0.2",
        "webpack": "^4.31.0"
      }
    },
    "node_modules/@angular-devkit/architect": {
      "resolved": "../node_modules/@angular-devkit/architect",
      "link": true
    },
    "node_modules/@angular-devkit/build-angular": {
      "resolved": "../node_modules/@angular-devkit",
      "link": true
    },
    "node_modules/@angular-devkit/core": {
      "resolved": "../node_modules/@angular-devkit/core",
      "link": true
    },
    "node_modules/@angular-devkit/schematics": {
      "resolved": "../node_modules/@angular-devkit/schematics",
      "link": true
    },
    "node_modules/@jridgewell/sourcemap-codec": {
      "version": "1.4.15",
      "resolved": "https://registry.npmjs.org/@jridgewell/sourcemap-codec/-/sourcemap-codec-1.4.15.tgz",
      "integrity": "sha512-eF2rxCRulEKXHTRiDrDy6erMYWqNw4LPdQ8UQA4huuxaQsVeRPFl2oM8oDGxMFhJUWZf9McpLtJasDDZb/Bpeg==",
      "peer": true
    },
    "node_modules/@rollup/plugin-commonjs": {
      "version": "25.0.7",
      "resolved": "https://registry.npmjs.org/@rollup/plugin-commonjs/-/plugin-commonjs-25.0.7.tgz",
      "integrity": "sha512-nEvcR+LRjEjsaSsc4x3XZfCCvZIaSMenZu/OiwOKGN2UhQpAYI7ru7czFvyWbErlpoGjnSX3D5Ch5FcMA3kRWQ==",
      "peer": true,
      "dependencies": {
        "@rollup/pluginutils": "^5.0.1",
        "commondir": "^1.0.1",
        "estree-walker": "^2.0.2",
        "glob": "^8.0.3",
        "is-reference": "1.2.1",
        "magic-string": "^0.30.3"
      },
      "engines": {
        "node": ">=14.0.0"
      },
      "peerDependencies": {
        "rollup": "^2.68.0||^3.0.0||^4.0.0"
      },
      "peerDependenciesMeta": {
        "rollup": {
          "optional": true
        }
      }
    },
    "node_modules/@rollup/plugin-node-resolve": {
      "resolved": "../node_modules/@rollup/plugin-node-resolve",
      "link": true
    },
    "node_modules/@rollup/pluginutils": {
      "version": "5.1.0",
      "resolved": "https://registry.npmjs.org/@rollup/pluginutils/-/pluginutils-5.1.0.tgz",
      "integrity": "sha512-XTIWOPPcpvyKI6L1NHo0lFlCyznUEyPmPY1mc3KpPVDYulHSTvyeLNVW00QTLIAFNhR3kYnJTQHeGqU4M3n09g==",
      "peer": true,
      "dependencies": {
        "@types/estree": "^1.0.0",
        "estree-walker": "^2.0.2",
        "picomatch": "^2.3.1"
      },
      "engines": {
        "node": ">=14.0.0"
      },
      "peerDependencies": {
        "rollup": "^1.20.0||^2.0.0||^3.0.0||^4.0.0"
      },
      "peerDependenciesMeta": {
        "rollup": {
          "optional": true
        }
      }
    },
    "node_modules/@schematics/angular": {
      "resolved": "../node_modules/@schematics/angular",
      "link": true
    },
    "node_modules/@types/estree": {
      "version": "1.0.5",
      "resolved": "https://registry.npmjs.org/@types/estree/-/estree-1.0.5.tgz",
      "integrity": "sha512-/kYRxGDLWzHOB7q+wtSUQlFrtcdUccpfy+X+9iMBpHK8QLLhx2wIPYuS5DYtR9Wa/YlZAbIovy7qVdB1Aq6Lyw==",
      "peer": true
    },
    "node_modules/balanced-match": {
      "version": "1.0.2",
      "resolved": "https://registry.npmjs.org/balanced-match/-/balanced-match-1.0.2.tgz",
      "integrity": "sha512-3oSeUO0TMV67hN1AmbXsK4yaqU7tjiHlbxRDZOpH0KW9+CeX4bRAaX0Anxt0tx2MrpRpWwQaPwIlISEJhYU5Pw==",
      "peer": true
    },
    "node_modules/brace-expansion": {
      "version": "2.0.1",
      "resolved": "https://registry.npmjs.org/brace-expansion/-/brace-expansion-2.0.1.tgz",
      "integrity": "sha512-XnAIvQ8eM+kC6aULx6wuQiwVsnzsi9d3WxzV3FpWTGA19F621kwdbsAcFKXgKUHZWsy+mY6iL1sHTxWEFCytDA==",
      "peer": true,
      "dependencies": {
        "balanced-match": "^1.0.0"
      }
    },
    "node_modules/commondir": {
      "version": "1.0.1",
      "resolved": "https://registry.npmjs.org/commondir/-/commondir-1.0.1.tgz",
      "integrity": "sha512-W9pAhw0ja1Edb5GVdIF1mjZw/ASI0AlShXM83UUGe2DVr5TdAPEA1OA8m/g8zWp9x6On7gqufY+FatDbC3MDQg==",
      "peer": true
    },
    "node_modules/estree-walker": {
      "version": "2.0.2",
      "resolved": "https://registry.npmjs.org/estree-walker/-/estree-walker-2.0.2.tgz",
      "integrity": "sha512-Rfkk/Mp/DL7JVje3u18FxFujQlTNR2q6QfMSMB7AvCBx91NGj/ba3kCfza0f6dVDbw7YlRf/nDrn7pQrCCyQ/w==",
      "peer": true
    },
    "node_modules/fs.realpath": {
      "version": "1.0.0",
      "resolved": "https://registry.npmjs.org/fs.realpath/-/fs.realpath-1.0.0.tgz",
      "integrity": "sha512-OO0pH2lK6a0hZnAdau5ItzHPI6pUlvI7jMVnxUQRtw4owF2wk8lOSabtGDCTP4Ggrg2MbGnWO9X8K1t4+fGMDw==",
      "peer": true
    },
    "node_modules/fsevents": {
      "version": "2.3.3",
      "resolved": "https://registry.npmjs.org/fsevents/-/fsevents-2.3.3.tgz",
      "integrity": "sha512-5xoDfX+fL7faATnagmWPpbFtwh/R77WmMMqqHGS65C3vvB0YHrgF+B1YmZ3441tMj5n63k0212XNoJwzlhffQw==",
      "hasInstallScript": true,
      "optional": true,
      "os": [
        "darwin"
      ],
      "peer": true,
      "engines": {
        "node": "^8.16.0 || ^10.6.0 || >=11.0.0"
      }
    },
    "node_modules/glob": {
      "version": "8.1.0",
      "resolved": "https://registry.npmjs.org/glob/-/glob-8.1.0.tgz",
      "integrity": "sha512-r8hpEjiQEYlF2QU0df3dS+nxxSIreXQS1qRhMJM0Q5NDdR386C7jb7Hwwod8Fgiuex+k0GFjgft18yvxm5XoCQ==",
      "peer": true,
      "dependencies": {
        "fs.realpath": "^1.0.0",
        "inflight": "^1.0.4",
        "inherits": "2",
        "minimatch": "^5.0.1",
        "once": "^1.3.0"
      },
      "engines": {
        "node": ">=12"
      },
      "funding": {
        "url": "https://github.com/sponsors/isaacs"
      }
    },
    "node_modules/husky": {
      "version": "7.0.4",
      "resolved": "https://registry.npmjs.org/husky/-/husky-7.0.4.tgz",
      "integrity": "sha512-vbaCKN2QLtP/vD4yvs6iz6hBEo6wkSzs8HpRah1Z6aGmF2KW5PdYuAd7uX5a+OyBZHBhd+TFLqgjUgytQr4RvQ==",
      "dev": true,
      "bin": {
        "husky": "lib/bin.js"
      },
      "engines": {
        "node": ">=12"
      },
      "funding": {
        "url": "https://github.com/sponsors/typicode"
      }
    },
    "node_modules/inflight": {
      "version": "1.0.6",
      "resolved": "https://registry.npmjs.org/inflight/-/inflight-1.0.6.tgz",
      "integrity": "sha512-k92I/b08q4wvFscXCLvqfsHCrjrF7yiXsQuIVvVE7N82W3+aqpzuUdBbfhWcy/FZR3/4IgflMgKLOsvPDrGCJA==",
      "peer": true,
      "dependencies": {
        "once": "^1.3.0",
        "wrappy": "1"
      }
    },
    "node_modules/inherits": {
      "version": "2.0.4",
      "resolved": "https://registry.npmjs.org/inherits/-/inherits-2.0.4.tgz",
      "integrity": "sha512-k/vGaX4/Yla3WzyMCvTQOXYeIHvqOKtnqBduzTHpzpQZzAskKMhZ2K+EnBiSM9zGSoIFeMpXKxa4dYeZIQqewQ==",
      "peer": true
    },
    "node_modules/is-reference": {
      "version": "1.2.1",
      "resolved": "https://registry.npmjs.org/is-reference/-/is-reference-1.2.1.tgz",
      "integrity": "sha512-U82MsXXiFIrjCK4otLT+o2NA2Cd2g5MLoOVXUZjIOhLurrRxpEXzI8O0KZHr3IjLvlAH1kTPYSuqer5T9ZVBKQ==",
      "peer": true,
      "dependencies": {
        "@types/estree": "*"
      }
    },
    "node_modules/magic-string": {
      "version": "0.30.10",
      "resolved": "https://registry.npmjs.org/magic-string/-/magic-string-0.30.10.tgz",
      "integrity": "sha512-iIRwTIf0QKV3UAnYK4PU8uiEc4SRh5jX0mwpIwETPpHdhVM4f53RSwS/vXvN1JhGX+Cs7B8qIq3d6AH49O5fAQ==",
      "peer": true,
      "dependencies": {
        "@jridgewell/sourcemap-codec": "^1.4.15"
      }
    },
    "node_modules/minimatch": {
      "version": "5.1.6",
      "resolved": "https://registry.npmjs.org/minimatch/-/minimatch-5.1.6.tgz",
      "integrity": "sha512-lKwV/1brpG6mBUFHtb7NUmtABCb2WZZmm2wNiOA5hAb8VdCS4B3dtMWyvcoViccwAW/COERjXLt0zP1zXUN26g==",
      "peer": true,
      "dependencies": {
        "brace-expansion": "^2.0.1"
      },
      "engines": {
        "node": ">=10"
      }
    },
    "node_modules/ng-packagr": {
      "resolved": "../node_modules/ng-packagr",
      "link": true
    },
    "node_modules/once": {
      "version": "1.4.0",
      "resolved": "https://registry.npmjs.org/once/-/once-1.4.0.tgz",
      "integrity": "sha512-lNaJgI+2Q5URQBkccEKHTQOPaXdUxnZZElQTZY0MFUAuaEqe1E+Nyvgdz/aIyNi6Z9MzO5dv1H8n58/GELp3+w==",
      "peer": true,
      "dependencies": {
        "wrappy": "1"
      }
    },
    "node_modules/picomatch": {
      "version": "2.3.1",
      "resolved": "https://registry.npmjs.org/picomatch/-/picomatch-2.3.1.tgz",
      "integrity": "sha512-JU3teHTNjmE2VCGFzuY8EXzCDVwEqB2a8fsIvwaStHhAWJEeVd1o1QD80CU6+ZdEXXSLbSsuLwJjkCBWqRQUVA==",
      "peer": true,
      "engines": {
        "node": ">=8.6"
      },
      "funding": {
        "url": "https://github.com/sponsors/jonschlinkert"
      }
    },
    "node_modules/rollup": {
      "version": "2.79.1",
      "resolved": "https://registry.npmjs.org/rollup/-/rollup-2.79.1.tgz",
      "integrity": "sha512-uKxbd0IhMZOhjAiD5oAFp7BqvkA4Dv47qpOCtaNvng4HBwdbWtdOh8f5nZNuk2rp51PMGk3bzfWu5oayNEuYnw==",
      "peer": true,
      "bin": {
        "rollup": "dist/bin/rollup"
      },
      "engines": {
        "node": ">=10.0.0"
      },
      "optionalDependencies": {
        "fsevents": "~2.3.2"
      }
    },
    "node_modules/rxjs": {
      "resolved": "../node_modules/rxjs",
      "link": true
    },
    "node_modules/wrappy": {
      "version": "1.0.2",
      "resolved": "https://registry.npmjs.org/wrappy/-/wrappy-1.0.2.tgz",
      "integrity": "sha512-l4Sp/DRseor9wL6EvV2+TuQn63dMkPjZ/sp9XkghTEbV9KlPS1xUsZ3u7/IQO4wxtcFB4bgpQPRcR3QCvezPcQ==",
      "peer": true
    }
  }
}
