dependencies:
  express: 4.10.6
  http-proxy-middleware: 0.17.3
  mongoose: 4.8.5
  request: 2.79.0
  xmlbuilder: 8.2.2
lockfileVersion: 5.1
packages:
  /accepts/1.1.4:
    dependencies:
      mime-types: 2.0.14
      negotiator: 0.4.9
    dev: false
    engines:
      node: '>= 0.8'
    resolution:
      integrity: sha1-1xyW99QdD+2iw4zRToonwEFY30o=
  /ansi-regex/2.1.1:
    dev: false
    engines:
      node: '>=0.10.0'
    resolution:
      integrity: sha1-w7M6te42DYbg5ijwRorn7yfWVN8=
  /ansi-styles/2.2.1:
    dev: false
    engines:
      node: '>=0.10.0'
    resolution:
      integrity: sha1-tDLdM1i2NM914eRmQ2gkBTPB3b4=
  /arr-diff/2.0.0:
    dependencies:
      arr-flatten: 1.1.0
    dev: false
    engines:
      node: '>=0.10.0'
    resolution:
      integrity: sha1-jzuCf5Vai9ZpaX5KQlasPOrjVs8=
  /arr-flatten/1.1.0:
    dev: false
    engines:
      node: '>=0.10.0'
    resolution:
      integrity: sha512-L3hKV5R/p5o81R7O02IGnwpDmkp6E982XhtbuwSe3O4qOtMMMtodicASA1Cny2U+aCXcNpml+m4dPsvsJ3jatg==
  /array-unique/0.2.1:
    dev: false
    engines:
      node: '>=0.10.0'
    resolution:
      integrity: sha1-odl8yvy8JiXMcPrc6zalDFiwGlM=
  /asn1/0.2.4:
    dependencies:
      safer-buffer: 2.1.2
    dev: false
    resolution:
      integrity: sha512-jxwzQpLQjSmWXgwaCZE9Nz+glAG01yF1QnWgbhGwHI5A6FRIEY6IVqtHhIepHqI7/kyEyQEagBC5mBEFlIYvdg==
  /assert-plus/0.2.0:
    dev: false
    engines:
      node: '>=0.8'
    resolution:
      integrity: sha1-104bh+ev/A24qttwIfP+SBAasjQ=
  /assert-plus/1.0.0:
    dev: false
    engines:
      node: '>=0.8'
    resolution:
      integrity: sha1-8S4PPF13sLHN2RRpQuTpbB5N1SU=
  /async/2.1.4:
    dependencies:
      lodash: 4.17.15
    dev: false
    resolution:
      integrity: sha1-LSFgx3iAMuTdbL4lAvH5osj2zeQ=
  /asynckit/0.4.0:
    dev: false
    resolution:
      integrity: sha1-x57Zf380y48robyXkLzDZkdLS3k=
  /aws-sign2/0.6.0:
    dev: false
    resolution:
      integrity: sha1-FDQt0428yU0OW4fXY81jYSwOeU8=
  /aws4/1.9.1:
    dev: false
    resolution:
      integrity: sha512-wMHVg2EOHaMRxbzgFJ9gtjOOCrI80OHLG14rxi28XwOW8ux6IiEbRCGGGqCtdAIg4FQCbW20k9RsT4y3gJlFug==
  /bcrypt-pbkdf/1.0.2:
    dependencies:
      tweetnacl: 0.14.5
    dev: false
    resolution:
      integrity: sha1-pDAdOJtqQ/m2f/PKEaP2Y342Dp4=
  /bluebird/2.10.2:
    dev: false
    resolution:
      integrity: sha1-AkpVFylTCIV/FPkfEQb8O1VfRGs=
  /boom/2.10.1:
    dependencies:
      hoek: 2.16.3
    deprecated: 'This version has been deprecated in accordance with the hapi support policy (hapi.im/support). Please upgrade to the latest version to get the best features, bug fixes, and security patches. If you are unable to upgrade at this time, paid support is available for older versions (hapi.im/commercial).'
    dev: false
    engines:
      node: '>=0.10.40'
    resolution:
      integrity: sha1-OciRjO/1eZ+D+UkqhI9iWt0Mdm8=
  /braces/1.8.5:
    dependencies:
      expand-range: 1.8.2
      preserve: 0.2.0
      repeat-element: 1.1.3
    dev: false
    engines:
      node: '>=0.10.0'
    resolution:
      integrity: sha1-uneWLhLf+WnWt2cR6RS3N4V79qc=
  /bson/1.0.9:
    dev: false
    engines:
      node: '>=0.6.19'
    resolution:
      integrity: sha512-IQX9/h7WdMBIW/q/++tGd+emQr0XMdeZ6icnT/74Xk9fnabWn+gZgpE+9V+gujL3hhJOoNrnDVY7tWdzc7NUTg==
  /buffer-shims/1.0.0:
    dev: false
    resolution:
      integrity: sha1-mXjOMXOIxkmth5MCjDR37wRKi1E=
  /caseless/0.11.0:
    dev: false
    resolution:
      integrity: sha1-cVuW6phBWTzDMGeSP17GDr2k99c=
  /chalk/1.1.3:
    dependencies:
      ansi-styles: 2.2.1
      escape-string-regexp: 1.0.5
      has-ansi: 2.0.0
      strip-ansi: 3.0.1
      supports-color: 2.0.0
    dev: false
    engines:
      node: '>=0.10.0'
    resolution:
      integrity: sha1-qBFcVeSnAv5NFQq9OHKCKn4J/Jg=
  /combined-stream/1.0.8:
    dependencies:
      delayed-stream: 1.0.0
    dev: false
    engines:
      node: '>= 0.8'
    resolution:
      integrity: sha512-FQN4MRfuJeHf7cBbBMJFXhKSDq+2kAArBlmRBvcvFE5BB1HZKXtSFASDhdlz9zOYwxh8lDdnvmMOe/+5cdoEdg==
  /commander/2.20.3:
    dev: false
    resolution:
      integrity: sha512-GpVkmM8vF2vQUkj2LvZmD35JxeJOLCwJ9cUkugyk2nuhbv3+mJvpLYYt+0+USMxE+oj+ey/lJEnhZw75x/OMcQ==
  /content-disposition/0.5.0:
    dev: false
    engines:
      node: '>= 0.6'
    resolution:
      integrity: sha1-QoT+auBjCHRjnkToCkGMKTQTXp4=
  /cookie-signature/1.0.5:
    dev: false
    resolution:
      integrity: sha1-oSLj8VA+yg9TVXlbBxG7I2jUUPk=
  /cookie/0.1.2:
    dev: false
    resolution:
      integrity: sha1-cv7D0k5Io0Mgc9kMEmQgBQYQBLE=
  /core-util-is/1.0.2:
    dev: false
    resolution:
      integrity: sha1-tf1UIgqivFq1eqtxQMlAdUUDwac=
  /crc/3.2.1:
    dev: false
    resolution:
      integrity: sha1-XZyPt3okXNXsopHl0tAFM0urAII=
  /cryptiles/2.0.5:
    dependencies:
      boom: 2.10.1
    deprecated: 'This version has been deprecated in accordance with the hapi support policy (hapi.im/support). Please upgrade to the latest version to get the best features, bug fixes, and security patches. If you are unable to upgrade at this time, paid support is available for older versions (hapi.im/commercial).'
    dev: false
    engines:
      node: '>=0.10.40'
    resolution:
      integrity: sha1-O9/s3GCBR8HGcgL6KR59ylnqo7g=
  /dashdash/1.14.1:
    dependencies:
      assert-plus: 1.0.0
    dev: false
    engines:
      node: '>=0.10'
    resolution:
      integrity: sha1-hTz6D3y+L+1d4gMmuN1YEDX24vA=
  /debug/2.1.3:
    dependencies:
      ms: 0.7.0
    dev: false
    resolution:
      integrity: sha1-zoqxte6PvuK/o7Yzyrk9NmtjQY4=
  /debug/2.2.0:
    dependencies:
      ms: 0.7.1
    dev: false
    resolution:
      integrity: sha1-+HBX6ZWxofauaklgZkE3vFbwOdo=
  /debug/3.2.6:
    dependencies:
      ms: 2.1.2
    dev: false
    resolution:
      integrity: sha512-mel+jf7nrtEl5Pn1Qx46zARXKDpBbvzezse7p7LqINmdoIk8PYP5SySaxEmYv6TZ0JyEKA1hsCId6DIhgITtWQ==
  /delayed-stream/1.0.0:
    dev: false
    engines:
      node: '>=0.4.0'
    resolution:
      integrity: sha1-3zrhmayt+31ECqrgsp4icrJOxhk=
  /depd/1.0.1:
    dev: false
    engines:
      node: '>= 0.6'
    resolution:
      integrity: sha1-gK7GTJ1tl+ZcwqnKqTwKpqv3Oqo=
  /destroy/1.0.3:
    dev: false
    resolution:
      integrity: sha1-tDO0ck5x/YVR2YhRdIUcX8N34sk=
  /ecc-jsbn/0.1.2:
    dependencies:
      jsbn: 0.1.1
      safer-buffer: 2.1.2
    dev: false
    resolution:
      integrity: sha1-OoOpBOVDUyh4dMVkt1SThoSamMk=
  /ee-first/1.1.0:
    dev: false
    resolution:
      integrity: sha1-ag18YiHkkP7v2S7D9EHJzozQl/Q=
  /es6-promise/3.2.1:
    dev: false
    resolution:
      integrity: sha1-7FYjOGgDKQkgcXDDlEjiREndH8Q=
  /escape-html/1.0.1:
    dev: false
    resolution:
      integrity: sha1-GBoobq05ejmpKFfPsdQwUuNWv/A=
  /escape-string-regexp/1.0.5:
    dev: false
    engines:
      node: '>=0.8.0'
    resolution:
      integrity: sha1-G2HAViGQqN/2rjuyzwIAyhMLhtQ=
  /etag/1.5.1:
    dependencies:
      crc: 3.2.1
    dev: false
    engines:
      node: '>= 0.6'
    resolution:
      integrity: sha1-VMUN4E7kJpVWKSWsVmWIKRvn6eo=
  /eventemitter3/4.0.0:
    dev: false
    resolution:
      integrity: sha512-qerSRB0p+UDEssxTtm6EDKcE7W4OaoisfIMl4CngyEhjpYglocpNg6UEqCvemdGhosAsg4sO2dXJOdyBifPGCg==
  /expand-brackets/0.1.5:
    dependencies:
      is-posix-bracket: 0.1.1
    dev: false
    engines:
      node: '>=0.10.0'
    resolution:
      integrity: sha1-3wcoTjQqgHzXM6xa9yQR5YHRF3s=
  /expand-range/1.8.2:
    dependencies:
      fill-range: 2.2.4
    dev: false
    engines:
      node: '>=0.10.0'
    resolution:
      integrity: sha1-opnv/TNf4nIeuujiV+x5ZE/IUzc=
  /express/4.10.6:
    dependencies:
      accepts: 1.1.4
      content-disposition: 0.5.0
      cookie: 0.1.2
      cookie-signature: 1.0.5
      debug: 2.1.3
      depd: 1.0.1
      escape-html: 1.0.1
      etag: 1.5.1
      finalhandler: 0.3.2
      fresh: 0.2.4
      media-typer: 0.3.0
      merge-descriptors: 0.0.2
      methods: 1.1.0
      on-finished: 2.1.1
      parseurl: 1.3.3
      path-to-regexp: 0.1.3
      proxy-addr: 1.0.10
      qs: 2.3.3
      range-parser: 1.0.3
      send: 0.10.1
      serve-static: 1.7.2
      type-is: 1.5.7
      utils-merge: 1.0.0
      vary: 1.0.1
    dev: false
    engines:
      node: '>= 0.10.0'
    resolution:
      integrity: sha1-qQFZeczzixGjnA9ybc9sS4Wk51g=
  /extend/3.0.2:
    dev: false
    resolution:
      integrity: sha512-fjquC59cD7CyW6urNXK0FBufkZcoiGG80wTuPujX590cB5Ttln20E2UB4S/WARVqhXffZl2LNgS+gQdPIIim/g==
  /extglob/0.3.2:
    dependencies:
      is-extglob: 1.0.0
    dev: false
    engines:
      node: '>=0.10.0'
    resolution:
      integrity: sha1-Lhj/PS9JqydlzskCPwEdqo2DSaE=
  /extsprintf/1.3.0:
    dev: false
    engines:
      '0': node >=0.6.0
    resolution:
      integrity: sha1-lpGEQOMEGnpBT4xS48V06zw+HgU=
  /filename-regex/2.0.1:
    dev: false
    engines:
      node: '>=0.10.0'
    resolution:
      integrity: sha1-wcS5vuPglyXdsQa3XB4wH+LxiyY=
  /fill-range/2.2.4:
    dependencies:
      is-number: 2.1.0
      isobject: 2.1.0
      randomatic: 3.1.1
      repeat-element: 1.1.3
      repeat-string: 1.6.1
    dev: false
    engines:
      node: '>=0.10.0'
    resolution:
      integrity: sha512-cnrcCbj01+j2gTG921VZPnHbjmdAf8oQV/iGeV2kZxGSyfYjjTyY79ErsK1WJWMpw6DaApEX72binqJE+/d+5Q==
  /finalhandler/0.3.2:
    dependencies:
      debug: 2.1.3
      escape-html: 1.0.1
      on-finished: 2.1.1
    dev: false
    engines:
      node: '>= 0.8'
    resolution:
      integrity: sha1-ezibD9Nkem+QvVZOImJL+KSnf7U=
  /follow-redirects/1.10.0:
    dependencies:
      debug: 3.2.6
    dev: false
    engines:
      node: '>=4.0'
    resolution:
      integrity: sha512-4eyLK6s6lH32nOvLLwlIOnr9zrL8Sm+OvW4pVTJNoXeGzYIkHVf+pADQi+OJ0E67hiuSLezPVPyBcIZO50TmmQ==
  /for-in/1.0.2:
    dev: false
    engines:
      node: '>=0.10.0'
    resolution:
      integrity: sha1-gQaNKVqBQuwKxybG4iAMMPttXoA=
  /for-own/0.1.5:
    dependencies:
      for-in: 1.0.2
    dev: false
    engines:
      node: '>=0.10.0'
    resolution:
      integrity: sha1-UmXGgaTylNq78XyVCbZ2OqhFEM4=
  /forever-agent/0.6.1:
    dev: false
    resolution:
      integrity: sha1-+8cfDEGt6zf5bFd60e1C2P2sypE=
  /form-data/2.1.4:
    dependencies:
      asynckit: 0.4.0
      combined-stream: 1.0.8
      mime-types: 2.1.26
    dev: false
    engines:
      node: '>= 0.12'
    resolution:
      integrity: sha1-M8GDrPGTJ27KqYFDpp6Uv+4XUNE=
  /forwarded/0.1.2:
    dev: false
    engines:
      node: '>= 0.6'
    resolution:
      integrity: sha1-mMI9qxF1ZXuMBXPozszZGw/xjIQ=
  /fresh/0.2.4:
    dev: false
    engines:
      node: '>= 0.6'
    resolution:
      integrity: sha1-NYJJkgbJcjcUGQ7ddLRgT+tKYUw=
  /generate-function/2.3.1:
    dependencies:
      is-property: 1.0.2
    dev: false
    resolution:
      integrity: sha512-eeB5GfMNeevm/GRYq20ShmsaGcmI81kIX2K9XQx5miC8KdHaC6Jm0qQ8ZNeGOi7wYB8OsdxKs+Y2oVuTFuVwKQ==
  /generate-object-property/1.2.0:
    dependencies:
      is-property: 1.0.2
    dev: false
    resolution:
      integrity: sha1-nA4cQDCM6AT0eDYYuTf6iPmdUNA=
  /getpass/0.1.7:
    dependencies:
      assert-plus: 1.0.0
    dev: false
    resolution:
      integrity: sha1-Xv+OPmhNVprkyysSgmBOi6YhSfo=
  /glob-base/0.3.0:
    dependencies:
      glob-parent: 2.0.0
      is-glob: 2.0.1
    dev: false
    engines:
      node: '>=0.10.0'
    resolution:
      integrity: sha1-27Fk9iIbHAscz4Kuoyi0l98Oo8Q=
  /glob-parent/2.0.0:
    dependencies:
      is-glob: 2.0.1
    dev: false
    resolution:
      integrity: sha1-gTg9ctsFT8zPUzbaqQLxgvbtuyg=
  /har-validator/2.0.6:
    dependencies:
      chalk: 1.1.3
      commander: 2.20.3
      is-my-json-valid: 2.20.0
      pinkie-promise: 2.0.1
    dev: false
    engines:
      node: '>=0.10'
    hasBin: true
    resolution:
      integrity: sha1-zcvAgYgmWtEZtqWnyKtw7s+10n0=
  /has-ansi/2.0.0:
    dependencies:
      ansi-regex: 2.1.1
    dev: false
    engines:
      node: '>=0.10.0'
    resolution:
      integrity: sha1-NPUEnOHs3ysGSa8+8k5F7TVBbZE=
  /hawk/3.1.3:
    dependencies:
      boom: 2.10.1
      cryptiles: 2.0.5
      hoek: 2.16.3
      sntp: 1.0.9
    deprecated: This module moved to @hapi/hawk. Please make sure to switch over as this distribution is no longer supported and may contain bugs and critical security issues.
    dev: false
    engines:
      node: '>=0.10.32'
    resolution:
      integrity: sha1-B4REvXwWQLD+VA0sm3PVlnjo4cQ=
  /hoek/2.16.3:
    deprecated: 'This version has been deprecated in accordance with the hapi support policy (hapi.im/support). Please upgrade to the latest version to get the best features, bug fixes, and security patches. If you are unable to upgrade at this time, paid support is available for older versions (hapi.im/commercial).'
    dev: false
    engines:
      node: '>=0.10.40'
    resolution:
      integrity: sha1-ILt0A9POo5jpHcRxCo/xuCdKJe0=
  /hooks-fixed/1.2.0:
    dev: false
    engines:
      node: '>=0.4.0'
    resolution:
      integrity: sha1-DSdy1NfWhf+SRHJKnwtbJVmqyWs=
  /http-proxy-middleware/0.17.3:
    dependencies:
      http-proxy: 1.18.0
      is-glob: 3.1.0
      lodash: 4.17.15
      micromatch: 2.3.11
    dev: false
    resolution:
      integrity: sha1-lAOCFHFJuFYIT1U0dS1bWoFozR0=
  /http-proxy/1.18.0:
    dependencies:
      eventemitter3: 4.0.0
      follow-redirects: 1.10.0
      requires-port: 1.0.0
    dev: false
    engines:
      node: '>=6.0.0'
    resolution:
      integrity: sha512-84I2iJM/n1d4Hdgc6y2+qY5mDaz2PUVjlg9znE9byl+q0uC3DeByqBGReQu5tpLK0TAqTIXScRUV+dg7+bUPpQ==
  /http-signature/1.1.1:
    dependencies:
      assert-plus: 0.2.0
      jsprim: 1.4.1
      sshpk: 1.16.1
    dev: false
    engines:
      node: '>=0.8'
      npm: '>=1.3.7'
    resolution:
      integrity: sha1-33LiZwZs0Kxn+3at+OE0qPvPkb8=
  /inherits/2.0.4:
    dev: false
    resolution:
      integrity: sha512-k/vGaX4/Yla3WzyMCvTQOXYeIHvqOKtnqBduzTHpzpQZzAskKMhZ2K+EnBiSM9zGSoIFeMpXKxa4dYeZIQqewQ==
  /ipaddr.js/1.0.5:
    dev: false
    engines:
      node: '>= 0.10'
    resolution:
      integrity: sha1-X6eM8wG4JceKvDBC2BJyMEnqI8c=
  /is-buffer/1.1.6:
    dev: false
    resolution:
      integrity: sha512-NcdALwpXkTm5Zvvbk7owOUSvVvBKDgKP5/ewfXEznmQFfs4ZRmanOeKBTjRVjka3QFoN6XJ+9F3USqfHqTaU5w==
  /is-dotfile/1.0.3:
    dev: false
    engines:
      node: '>=0.10.0'
    resolution:
      integrity: sha1-pqLzL/0t+wT1yiXs0Pa4PPeYoeE=
  /is-equal-shallow/0.1.3:
    dependencies:
      is-primitive: 2.0.0
    dev: false
    engines:
      node: '>=0.10.0'
    resolution:
      integrity: sha1-IjgJj8Ih3gvPpdnqxMRdY4qhxTQ=
  /is-extendable/0.1.1:
    dev: false
    engines:
      node: '>=0.10.0'
    resolution:
      integrity: sha1-YrEQ4omkcUGOPsNqYX1HLjAd/Ik=
  /is-extglob/1.0.0:
    dev: false
    engines:
      node: '>=0.10.0'
    resolution:
      integrity: sha1-rEaBd8SUNAWgkvyPKXYMb/xiBsA=
  /is-extglob/2.1.1:
    dev: false
    engines:
      node: '>=0.10.0'
    resolution:
      integrity: sha1-qIwCU1eR8C7TfHahueqXc8gz+MI=
  /is-glob/2.0.1:
    dependencies:
      is-extglob: 1.0.0
    dev: false
    engines:
      node: '>=0.10.0'
    resolution:
      integrity: sha1-0Jb5JqPe1WAPP9/ZEZjLCIjC2GM=
  /is-glob/3.1.0:
    dependencies:
      is-extglob: 2.1.1
    dev: false
    engines:
      node: '>=0.10.0'
    resolution:
      integrity: sha1-e6WuJCF4BKxwcHuWkiVnSGzD6Eo=
  /is-my-ip-valid/1.0.0:
    dev: false
    resolution:
      integrity: sha512-gmh/eWXROncUzRnIa1Ubrt5b8ep/MGSnfAUI3aRp+sqTCs1tv1Isl8d8F6JmkN3dXKc3ehZMrtiPN9eL03NuaQ==
  /is-my-json-valid/2.20.0:
    dependencies:
      generate-function: 2.3.1
      generate-object-property: 1.2.0
      is-my-ip-valid: 1.0.0
      jsonpointer: 4.0.1
      xtend: 4.0.2
    dev: false
    resolution:
      integrity: sha512-XTHBZSIIxNsIsZXg7XB5l8z/OBFosl1Wao4tXLpeC7eKU4Vm/kdop2azkPqULwnfGQjmeDIyey9g7afMMtdWAA==
  /is-number/2.1.0:
    dependencies:
      kind-of: 3.2.2
    dev: false
    engines:
      node: '>=0.10.0'
    resolution:
      integrity: sha1-Afy7s5NGOlSPL0ZszhbezknbkI8=
  /is-number/4.0.0:
    dev: false
    engines:
      node: '>=0.10.0'
    resolution:
      integrity: sha512-rSklcAIlf1OmFdyAqbnWTLVelsQ58uvZ66S/ZyawjWqIviTWCjg2PzVGw8WUA+nNuPTqb4wgA+NszrJ+08LlgQ==
  /is-posix-bracket/0.1.1:
    dev: false
    engines:
      node: '>=0.10.0'
    resolution:
      integrity: sha1-MzTceXdDaOkvAW5vvAqI9c1ua8Q=
  /is-primitive/2.0.0:
    dev: false
    engines:
      node: '>=0.10.0'
    resolution:
      integrity: sha1-IHurkWOEmcB7Kt8kCkGochADRXU=
  /is-property/1.0.2:
    dev: false
    resolution:
      integrity: sha1-V/4cTkhHTt1lsJkR8msc1Ald2oQ=
  /is-typedarray/1.0.0:
    dev: false
    resolution:
      integrity: sha1-5HnICFjfDBsR3dppQPlgEfzaSpo=
  /isarray/1.0.0:
    dev: false
    resolution:
      integrity: sha1-u5NdSFgsuhaMBoNJV6VKPgcSTxE=
  /isobject/2.1.0:
    dependencies:
      isarray: 1.0.0
    dev: false
    engines:
      node: '>=0.10.0'
    resolution:
      integrity: sha1-8GVWEJaj8dou9GJy+BXIQNh+DIk=
  /isstream/0.1.2:
    dev: false
    resolution:
      integrity: sha1-R+Y/evVa+m+S4VAOaQ64uFKcCZo=
  /jsbn/0.1.1:
    dev: false
    resolution:
      integrity: sha1-peZUwuWi3rXyAdls77yoDA7y9RM=
  /json-schema/0.2.3:
    dev: false
    resolution:
      integrity: sha1-tIDIkuWaLwWVTOcnvT8qTogvnhM=
  /json-stringify-safe/5.0.1:
    dev: false
    resolution:
      integrity: sha1-Epai1Y/UXxmg9s4B1lcB4sc1tus=
  /jsonpointer/4.0.1:
    dev: false
    engines:
      node: '>=0.10.0'
    resolution:
      integrity: sha1-T9kss04OnbPInIYi7PUfm5eMbLk=
  /jsprim/1.4.1:
    dependencies:
      assert-plus: 1.0.0
      extsprintf: 1.3.0
      json-schema: 0.2.3
      verror: 1.10.0
    dev: false
    engines:
      '0': node >=0.6.0
    resolution:
      integrity: sha1-MT5mvB5cwG5Di8G3SZwuXFastqI=
  /kareem/1.2.1:
    dev: false
    resolution:
      integrity: sha1-rNuMgRmEWDSrv6WK3hz53qY9x1I=
  /kind-of/3.2.2:
    dependencies:
      is-buffer: 1.1.6
    dev: false
    engines:
      node: '>=0.10.0'
    resolution:
      integrity: sha1-MeohpzS6ubuw8yRm2JOupR5KPGQ=
  /kind-of/6.0.3:
    dev: false
    engines:
      node: '>=0.10.0'
    resolution:
      integrity: sha512-dcS1ul+9tmeD95T+x28/ehLgd9mENa3LsvDTtzm3vyBEO7RPptvAD+t44WVXaUjTBRcrpFeFlC8WCruUR456hw==
  /lodash/4.17.15:
    dev: false
    resolution:
      integrity: sha512-8xOcRHvCjnocdS5cpwXQXVzmmh5e5+saE2QGoeQmbKmRS6J3VQppPOIt0MnmE+4xlZoumy0GPG0D0MVIQbNA1A==
  /math-random/1.0.4:
    dev: false
    resolution:
      integrity: sha512-rUxjysqif/BZQH2yhd5Aaq7vXMSx9NdEsQcyA07uEzIvxgI7zIr33gGsh+RU0/XjmQpCW7RsVof1vlkvQVCK5A==
  /media-typer/0.3.0:
    dev: false
    engines:
      node: '>= 0.6'
    resolution:
      integrity: sha1-hxDXrwqmJvj/+hzgAWhUUmMlV0g=
  /merge-descriptors/0.0.2:
    dev: false
    resolution:
      integrity: sha1-w2pSp4FDdRPFcnXzndnTF1FKyMc=
  /methods/1.1.0:
    dev: false
    resolution:
      integrity: sha1-XcpO4S31L/OwVhRZhqjwHLyGQ28=
  /micromatch/2.3.11:
    dependencies:
      arr-diff: 2.0.0
      array-unique: 0.2.1
      braces: 1.8.5
      expand-brackets: 0.1.5
      extglob: 0.3.2
      filename-regex: 2.0.1
      is-extglob: 1.0.0
      is-glob: 2.0.1
      kind-of: 3.2.2
      normalize-path: 2.1.1
      object.omit: 2.0.1
      parse-glob: 3.0.4
      regex-cache: 0.4.4
    dev: false
    engines:
      node: '>=0.10.0'
    resolution:
      integrity: sha1-hmd8l9FyCzY0MdBNDRUpO9OMFWU=
  /mime-db/1.12.0:
    dev: false
    engines:
      node: '>= 0.6'
    resolution:
      integrity: sha1-PQxjGA9FjrENMlqqN9fFiuMS6dc=
  /mime-db/1.43.0:
    dev: false
    engines:
      node: '>= 0.6'
    resolution:
      integrity: sha512-+5dsGEEovYbT8UY9yD7eE4XTc4UwJ1jBYlgaQQF38ENsKR3wj/8q8RFZrF9WIZpB2V1ArTVFUva8sAul1NzRzQ==
  /mime-types/2.0.14:
    dependencies:
      mime-db: 1.12.0
    dev: false
    engines:
      node: '>= 0.6'
    resolution:
      integrity: sha1-MQ4VnbI+B3+Lsit0jav6SVcUCqY=
  /mime-types/2.1.26:
    dependencies:
      mime-db: 1.43.0
    dev: false
    engines:
      node: '>= 0.6'
    resolution:
      integrity: sha512-01paPWYgLrkqAyrlDorC1uDwl2p3qZT7yl806vW7DvDoxwXi46jsjFbg+WdwotBIk6/MbEhO/dh5aZ5sNj/dWQ==
  /mime/1.2.11:
    dev: false
    resolution:
      integrity: sha1-WCA+7Ybjpe8XrtK32evUfwpg3RA=
  /mongodb-core/2.1.8:
    dependencies:
      bson: 1.0.9
      require_optional: 1.0.1
    dev: false
    resolution:
      integrity: sha1-sz4DcNClnZe2yx7GEFJ76elcosA=
  /mongodb/2.2.24:
    dependencies:
      es6-promise: 3.2.1
      mongodb-core: 2.1.8
      readable-stream: 2.1.5
    dev: false
    engines:
      node: '>=0.10.3'
    resolution:
      integrity: sha1-gPQNbsW97A3ezw+c4BROeUxGRJo=
  /mongoose/4.8.5:
    dependencies:
      async: 2.1.4
      bson: 1.0.9
      hooks-fixed: 1.2.0
      kareem: 1.2.1
      mongodb: 2.2.24
      mpath: 0.2.1
      mpromise: 0.5.5
      mquery: 2.2.3
      ms: 0.7.2
      muri: 1.2.1
      regexp-clone: 0.0.1
      sliced: 1.0.1
    dev: false
    engines:
      node: '>=0.6.19'
    resolution:
      integrity: sha1-CePlkNVYRymkFfMmIQy0rbI3nTA=
  /mpath/0.2.1:
    dev: false
    resolution:
      integrity: sha1-Ok6Ck1mAHeljCcJ6ay4QLon56W4=
  /mpromise/0.5.5:
    dev: false
    resolution:
      integrity: sha1-9bJCWddjrMIlewoMjG2Gb9UXMuY=
  /mquery/2.2.3:
    dependencies:
      bluebird: 2.10.2
      debug: 2.2.0
      regexp-clone: 0.0.1
      sliced: 0.0.5
    dev: false
    resolution:
      integrity: sha1-pHA7ZPtnNPzlHXhKTfCVyr8aj1c=
  /ms/0.6.2:
    dev: false
    resolution:
      integrity: sha1-2JwhJMb9wTU9Zai3e/GqxLGTcIw=
  /ms/0.7.0:
    dev: false
    resolution:
      integrity: sha1-hlvpTC5zl62KV9pqYzpuLzB5i4M=
  /ms/0.7.1:
    dev: false
    resolution:
      integrity: sha1-nNE8A62/8ltl7/3nzoZO6VIBcJg=
  /ms/0.7.2:
    dev: false
    resolution:
      integrity: sha1-riXPJRKziFodldfwN4aNhDESR2U=
  /ms/2.1.2:
    dev: false
    resolution:
      integrity: sha512-sGkPx+VjMtmA6MX27oA4FBFELFCZZ4S4XqeGOXCv68tT+jb3vk/RyaKWP0PTKyWtmLSM0b+adUTEvbs1PEaH2w==
  /muri/1.2.1:
    dev: false
    resolution:
      integrity: sha1-7H6lzmympSPrGrNbrNpfqBbJqjw=
  /negotiator/0.4.9:
    dev: false
    engines:
      node: '>= 0.6'
    resolution:
      integrity: sha1-kuRrbbU8fkIe1koryU8IvnYw3z8=
  /normalize-path/2.1.1:
    dependencies:
      remove-trailing-separator: 1.1.0
    dev: false
    engines:
      node: '>=0.10.0'
    resolution:
      integrity: sha1-GrKLVW4Zg2Oowab35vogE3/mrtk=
  /oauth-sign/0.8.2:
    dev: false
    resolution:
      integrity: sha1-Rqarfwrq2N6unsBWV4C31O/rnUM=
  /object.omit/2.0.1:
    dependencies:
      for-own: 0.1.5
      is-extendable: 0.1.1
    dev: false
    engines:
      node: '>=0.10.0'
    resolution:
      integrity: sha1-Gpx0SCnznbuFjHbKNXmuKlTr0fo=
  /on-finished/2.1.1:
    dependencies:
      ee-first: 1.1.0
    dev: false
    engines:
      node: '>= 0.8'
    resolution:
      integrity: sha1-+CyhyeOk8yhrG5k4YQ5bhja9PLI=
  /parse-glob/3.0.4:
    dependencies:
      glob-base: 0.3.0
      is-dotfile: 1.0.3
      is-extglob: 1.0.0
      is-glob: 2.0.1
    dev: false
    engines:
      node: '>=0.10.0'
    resolution:
      integrity: sha1-ssN2z7EfNVE7rdFz7wu246OIORw=
  /parseurl/1.3.3:
    dev: false
    engines:
      node: '>= 0.8'
    resolution:
      integrity: sha512-CiyeOxFT/JZyN5m0z9PfXw4SCBJ6Sygz1Dpl0wqjlhDEGGBP1GnsUVEL0p63hoG1fcj3fHynXi9NYO4nWOL+qQ==
  /path-to-regexp/0.1.3:
    dev: false
    resolution:
      integrity: sha1-IbmrgidCed4lsVbqCP0SylG4rss=
  /pinkie-promise/2.0.1:
    dependencies:
      pinkie: 2.0.4
    dev: false
    engines:
      node: '>=0.10.0'
    resolution:
      integrity: sha1-ITXW36ejWMBprJsXh3YogihFD/o=
  /pinkie/2.0.4:
    dev: false
    engines:
      node: '>=0.10.0'
    resolution:
      integrity: sha1-clVrgM+g1IqXToDnckjoDtT3+HA=
  /preserve/0.2.0:
    dev: false
    engines:
      node: '>=0.10.0'
    resolution:
      integrity: sha1-gV7R9uvGWSb4ZbMQwHE7yzMVzks=
  /process-nextick-args/1.0.7:
    dev: false
    resolution:
      integrity: sha1-FQ4gt1ZZCtP5EJPyWk8q2L/zC6M=
  /proxy-addr/1.0.10:
    dependencies:
      forwarded: 0.1.2
      ipaddr.js: 1.0.5
    dev: false
    engines:
      node: '>= 0.6'
    resolution:
      integrity: sha1-DUCoL4Afw1VWfS7LZe/j8HfxIcU=
  /punycode/1.4.1:
    dev: false
    resolution:
      integrity: sha1-wNWmOycYgArY4esPpSachN1BhF4=
  /qs/2.3.3:
    dev: false
    resolution:
      integrity: sha1-6eha2+ddoLvkyOBHaghikPhjtAQ=
  /qs/6.3.2:
    dev: false
    engines:
      node: '>=0.6'
    resolution:
      integrity: sha1-51vV9uJoEioqDgvaYwslUMFmUCw=
  /randomatic/3.1.1:
    dependencies:
      is-number: 4.0.0
      kind-of: 6.0.3
      math-random: 1.0.4
    dev: false
    engines:
      node: '>= 0.10.0'
    resolution:
      integrity: sha512-TuDE5KxZ0J461RVjrJZCJc+J+zCkTb1MbH9AQUq68sMhOMcy9jLcb3BrZKgp9q9Ncltdg4QVqWrH02W2EFFVYw==
  /range-parser/1.0.3:
    dev: false
    engines:
      node: '>= 0.6'
    resolution:
      integrity: sha1-aHKCNTXGkuLCoBA4Jq/YLC4P8XU=
  /readable-stream/2.1.5:
    dependencies:
      buffer-shims: 1.0.0
      core-util-is: 1.0.2
      inherits: 2.0.4
      isarray: 1.0.0
      process-nextick-args: 1.0.7
      string_decoder: 0.10.31
      util-deprecate: 1.0.2
    dev: false
    resolution:
      integrity: sha1-ZvqLcg4UOLNkaB8q0aY8YYRIydA=
  /regex-cache/0.4.4:
    dependencies:
      is-equal-shallow: 0.1.3
    dev: false
    engines:
      node: '>=0.10.0'
    resolution:
      integrity: sha512-nVIZwtCjkC9YgvWkpM55B5rBhBYRZhAaJbgcFYXXsHnbZ9UZI9nnVWYZpBlCqv9ho2eZryPnWrZGsOdPwVWXWQ==
  /regexp-clone/0.0.1:
    dev: false
    resolution:
      integrity: sha1-p8LgmJH9vzj7sQ03b7cwA+aKxYk=
  /remove-trailing-separator/1.1.0:
    dev: false
    resolution:
      integrity: sha1-wkvOKig62tW8P1jg1IJJuSN52O8=
  /repeat-element/1.1.3:
    dev: false
    engines:
      node: '>=0.10.0'
    resolution:
      integrity: sha512-ahGq0ZnV5m5XtZLMb+vP76kcAM5nkLqk0lpqAuojSKGgQtn4eRi4ZZGm2olo2zKFH+sMsWaqOCW1dqAnOru72g==
  /repeat-string/1.6.1:
    dev: false
    engines:
      node: '>=0.10'
    resolution:
      integrity: sha1-jcrkcOHIirwtYA//Sndihtp15jc=
  /request/2.79.0:
    dependencies:
      aws-sign2: 0.6.0
      aws4: 1.9.1
      caseless: 0.11.0
      combined-stream: 1.0.8
      extend: 3.0.2
      forever-agent: 0.6.1
      form-data: 2.1.4
      har-validator: 2.0.6
      hawk: 3.1.3
      http-signature: 1.1.1
      is-typedarray: 1.0.0
      isstream: 0.1.2
      json-stringify-safe: 5.0.1
      mime-types: 2.1.26
      oauth-sign: 0.8.2
      qs: 6.3.2
      stringstream: 0.0.6
      tough-cookie: 2.3.4
      tunnel-agent: 0.4.3
      uuid: 3.4.0
    deprecated: 'request has been deprecated, see https://github.com/request/request/issues/3142'
    dev: false
    engines:
      node: '>= 4'
    resolution:
      integrity: sha1-Tf5b9r6LjNw3/Pk+BLZVd3InEN4=
  /require_optional/1.0.1:
    dependencies:
      resolve-from: 2.0.0
      semver: 5.7.1
    dev: false
    resolution:
      integrity: sha512-qhM/y57enGWHAe3v/NcwML6a3/vfESLe/sGM2dII+gEO0BpKRUkWZow/tyloNqJyN6kXSl3RyyM8Ll5D/sJP8g==
  /requires-port/1.0.0:
    dev: false
    resolution:
      integrity: sha1-kl0mAdOaxIXgkc8NpcbmlNw9yv8=
  /resolve-from/2.0.0:
    dev: false
    engines:
      node: '>=0.10.0'
    resolution:
      integrity: sha1-lICrIOlP+h2egKgEx+oUdhGWa1c=
  /safer-buffer/2.1.2:
    dev: false
    resolution:
      integrity: sha512-YZo3K82SD7Riyi0E1EQPojLz7kpepnSQI9IyPbHHg1XXXevb5dJI7tpyN2ADxGcQbHG7vcyRHk0cbwqcQriUtg==
  /semver/5.7.1:
    dev: false
    hasBin: true
    resolution:
      integrity: sha512-sauaDf/PZdVgrLTNYHRtpXa1iRiKcaebiKQ1BJdpQlWH2lCvexQdX55snPFyK7QzpudqbCI0qXFfOasHdyNDGQ==
  /send/0.10.1:
    dependencies:
      debug: 2.1.3
      depd: 1.0.1
      destroy: 1.0.3
      escape-html: 1.0.1
      etag: 1.5.1
      fresh: 0.2.4
      mime: 1.2.11
      ms: 0.6.2
      on-finished: 2.1.1
      range-parser: 1.0.3
    dev: false
    engines:
      node: '>= 0.8.0'
    resolution:
      integrity: sha1-d0XFDscvEVEVmA6PsXmuwBkA4Io=
  /serve-static/1.7.2:
    dependencies:
      escape-html: 1.0.1
      parseurl: 1.3.3
      send: 0.10.1
      utils-merge: 1.0.0
    dev: false
    engines:
      node: '>= 0.8.0'
    resolution:
      integrity: sha1-MWTOBtTmw0Wb3MnWAY+0+zXoSzk=
  /sliced/0.0.5:
    dev: false
    resolution:
      integrity: sha1-XtwETKTrb3gW1Qui/GPiXY/kcH8=
  /sliced/1.0.1:
    dev: false
    resolution:
      integrity: sha1-CzpmK10Ewxd7GSa+qCsD+Dei70E=
  /sntp/1.0.9:
    dependencies:
      hoek: 2.16.3
    deprecated: This module moved to @hapi/sntp. Please make sure to switch over as this distribution is no longer supported and may contain bugs and critical security issues.
    dev: false
    engines:
      node: '>=0.8.0'
    resolution:
      integrity: sha1-ZUEYTMkK7qbG57NeJlkIJEPGYZg=
  /sshpk/1.16.1:
    dependencies:
      asn1: 0.2.4
      assert-plus: 1.0.0
      bcrypt-pbkdf: 1.0.2
      dashdash: 1.14.1
      ecc-jsbn: 0.1.2
      getpass: 0.1.7
      jsbn: 0.1.1
      safer-buffer: 2.1.2
      tweetnacl: 0.14.5
    dev: false
    engines:
      node: '>=0.10.0'
    hasBin: true
    resolution:
      integrity: sha512-HXXqVUq7+pcKeLqqZj6mHFUMvXtOJt1uoUx09pFW6011inTMxqI8BA8PM95myrIyyKwdnzjdFjLiE6KBPVtJIg==
  /string_decoder/0.10.31:
    dev: false
    resolution:
      integrity: sha1-YuIDvEF2bGwoyfyEMB2rHFMQ+pQ=
  /stringstream/0.0.6:
    dev: false
    resolution:
      integrity: sha512-87GEBAkegbBcweToUrdzf3eLhWNg06FJTebl4BVJz/JgWy8CvEr9dRtX5qWphiynMSQlxxi+QqN0z5T32SLlhA==
  /strip-ansi/3.0.1:
    dependencies:
      ansi-regex: 2.1.1
    dev: false
    engines:
      node: '>=0.10.0'
    resolution:
      integrity: sha1-ajhfuIU9lS1f8F0Oiq+UJ43GPc8=
  /supports-color/2.0.0:
    dev: false
    engines:
      node: '>=0.8.0'
    resolution:
      integrity: sha1-U10EXOa2Nj+kARcIRimZXp3zJMc=
  /tough-cookie/2.3.4:
    dependencies:
      punycode: 1.4.1
    dev: false
    engines:
      node: '>=0.8'
    resolution:
      integrity: sha512-TZ6TTfI5NtZnuyy/Kecv+CnoROnyXn2DN97LontgQpCwsX2XyLYCC0ENhYkehSOwAp8rTQKc/NUIF7BkQ5rKLA==
  /tunnel-agent/0.4.3:
    dev: false
    resolution:
      integrity: sha1-Y3PbdpCf5XDgjXNYM2Xtgop07us=
  /tweetnacl/0.14.5:
    dev: false
    resolution:
      integrity: sha1-WuaBd/GS1EViadEIr6k/+HQ/T2Q=
  /type-is/1.5.7:
    dependencies:
      media-typer: 0.3.0
      mime-types: 2.0.14
    dev: false
    engines:
      node: '>= 0.6'
    resolution:
      integrity: sha1-uTaKWTzG730GReeLL0xky+zQXpA=
  /util-deprecate/1.0.2:
    dev: false
    resolution:
      integrity: sha1-RQ1Nyfpw3nMnYvvS1KKJgUGaDM8=
  /utils-merge/1.0.0:
    dev: false
    engines:
      node: '>= 0.4.0'
    resolution:
      integrity: sha1-ApT7kiu5N1FTVBxPcJYjHyh8ivg=
  /uuid/3.4.0:
    dev: false
    hasBin: true
    resolution:
      integrity: sha512-HjSDRw6gZE5JMggctHBcjVak08+KEVhSIiDzFnT9S9aegmp85S/bReBVTb4QTFaRNptJ9kuYaNhnbNEOkbKb/A==
  /vary/1.0.1:
    dev: false
    engines:
      node: '>= 0.8'
    resolution:
      integrity: sha1-meSYFWaihhGN+yuBc1ffeZM3bRA=
  /verror/1.10.0:
    dependencies:
      assert-plus: 1.0.0
      core-util-is: 1.0.2
      extsprintf: 1.3.0
    dev: false
    engines:
      '0': node >=0.6.0
    resolution:
      integrity: sha1-OhBcoXBTr1XW4nDB+CiGguGNpAA=
  /xmlbuilder/8.2.2:
    dev: false
    engines:
      node: '>=4.0'
    resolution:
      integrity: sha1-aSSGc0ELS6QuGmE2VR0pIjNap3M=
  /xtend/4.0.2:
    dev: false
    engines:
      node: '>=0.4'
    resolution:
      integrity: sha512-LKYU1iAXJXUgAXn9URjiu+MWhyUXHsvfp7mcuYm9dSUKK0/CjtrUwFAxD82/mCWbtLsGjFIad0wIsod4zrTAEQ==
specifiers:
  express: 4.10.6
  http-proxy-middleware: 0.17.3
  mongoose: 4.8.5
  request: 2.79.0
  xmlbuilder: 8.2.2
